
Microsoft Visual Studio Solution File, Format Version 12.00
# Visual Studio 15
VisualStudioVersion = 15.0.27004.2006
MinimumVisualStudioVersion = 10.0.40219.1
Project("{9A19103F-16F7-4668-BE54-9A1E7A4F7556}") = "DataModel", "DataModel\DataModel.csproj", "{742E4928-8ACE-4467-A167-6C14EEE0E044}"
EndProject
Project("{9A19103F-16F7-4668-BE54-9A1E7A4F7556}") = "Repository", "Repository\Repository.csproj", "{5976707B-4A2A-4FCD-9C02-4834124F78F0}"
EndProject
Project("{9A19103F-16F7-4668-BE54-9A1E7A4F7556}") = "Repository.UnitTest", "Repository.UnitTest\Repository.UnitTest.csproj", "{F4D71342-D7A6-4C3F-8BD4-2AAA04DA9099}"
EndProject
Project("{9A19103F-16F7-4668-BE54-9A1E7A4F7556}") = "ViewModel", "ViewModel\ViewModel.csproj", "{FB1C2572-F1A6-4234-9D67-63B2EFA6FE69}"
EndProject
Project("{9A19103F-16F7-4668-BE54-9A1E7A4F7556}") = "Transformation", "Transformation\Transformation.csproj", "{1F5150E6-AC81-4D6A-B00C-127CAFF21D17}"
EndProject
Project("{9A19103F-16F7-4668-BE54-9A1E7A4F7556}") = "Validation", "Validation\Validation.csproj", "{FC06450E-3314-44AE-9B86-570B388717E3}"
EndProject
Project("{9A19103F-16F7-4668-BE54-9A1E7A4F7556}") = "Exceptions", "Exception\Exceptions.csproj", "{F88C5A71-DB8D-409D-9177-6DC3A43A5A33}"
EndProject
Project("{9A19103F-16F7-4668-BE54-9A1E7A4F7556}") = "Service", "Service\Service.csproj", "{86D03C38-39B7-4727-89E8-3AA7677FBD59}"
EndProject
Project("{9A19103F-16F7-4668-BE54-9A1E7A4F7556}") = "LC_ServerSide_WebAPI", "LC_ServerSide_WebAPI\LC_ServerSide_WebAPI.csproj", "{3D14CB1F-C483-4F55-9675-645BE27AED05}"
EndProject
Project("{FAE04EC0-301F-11D3-BF4B-00C04F79EFBC}") = "Service.UnitTest", "Service.UnitTest\Service.UnitTest.csproj", "{5A57D0B3-45DA-4751-BA52-EC5B71198B1B}"
EndProject
Global
	GlobalSection(SolutionConfigurationPlatforms) = preSolution
		Debug|Any CPU = Debug|Any CPU
		Debug|x64 = Debug|x64
		Debug|x86 = Debug|x86
		Release|Any CPU = Release|Any CPU
		Release|x64 = Release|x64
		Release|x86 = Release|x86
	EndGlobalSection
	GlobalSection(ProjectConfigurationPlatforms) = postSolution
		{742E4928-8ACE-4467-A167-6C14EEE0E044}.Debug|Any CPU.ActiveCfg = Debug|Any CPU
		{742E4928-8ACE-4467-A167-6C14EEE0E044}.Debug|Any CPU.Build.0 = Debug|Any CPU
		{742E4928-8ACE-4467-A167-6C14EEE0E044}.Debug|x64.ActiveCfg = Debug|Any CPU
		{742E4928-8ACE-4467-A167-6C14EEE0E044}.Debug|x64.Build.0 = Debug|Any CPU
		{742E4928-8ACE-4467-A167-6C14EEE0E044}.Debug|x86.ActiveCfg = Debug|Any CPU
		{742E4928-8ACE-4467-A167-6C14EEE0E044}.Debug|x86.Build.0 = Debug|Any CPU
		{742E4928-8ACE-4467-A167-6C14EEE0E044}.Release|Any CPU.ActiveCfg = Release|Any CPU
		{742E4928-8ACE-4467-A167-6C14EEE0E044}.Release|Any CPU.Build.0 = Release|Any CPU
		{742E4928-8ACE-4467-A167-6C14EEE0E044}.Release|x64.ActiveCfg = Release|Any CPU
		{742E4928-8ACE-4467-A167-6C14EEE0E044}.Release|x64.Build.0 = Release|Any CPU
		{742E4928-8ACE-4467-A167-6C14EEE0E044}.Release|x86.ActiveCfg = Release|Any CPU
		{742E4928-8ACE-4467-A167-6C14EEE0E044}.Release|x86.Build.0 = Release|Any CPU
		{5976707B-4A2A-4FCD-9C02-4834124F78F0}.Debug|Any CPU.ActiveCfg = Debug|Any CPU
		{5976707B-4A2A-4FCD-9C02-4834124F78F0}.Debug|Any CPU.Build.0 = Debug|Any CPU
		{5976707B-4A2A-4FCD-9C02-4834124F78F0}.Debug|x64.ActiveCfg = Debug|Any CPU
		{5976707B-4A2A-4FCD-9C02-4834124F78F0}.Debug|x64.Build.0 = Debug|Any CPU
		{5976707B-4A2A-4FCD-9C02-4834124F78F0}.Debug|x86.ActiveCfg = Debug|Any CPU
		{5976707B-4A2A-4FCD-9C02-4834124F78F0}.Debug|x86.Build.0 = Debug|Any CPU
		{5976707B-4A2A-4FCD-9C02-4834124F78F0}.Release|Any CPU.ActiveCfg = Release|Any CPU
		{5976707B-4A2A-4FCD-9C02-4834124F78F0}.Release|Any CPU.Build.0 = Release|Any CPU
		{5976707B-4A2A-4FCD-9C02-4834124F78F0}.Release|x64.ActiveCfg = Release|Any CPU
		{5976707B-4A2A-4FCD-9C02-4834124F78F0}.Release|x64.Build.0 = Release|Any CPU
		{5976707B-4A2A-4FCD-9C02-4834124F78F0}.Release|x86.ActiveCfg = Release|Any CPU
		{5976707B-4A2A-4FCD-9C02-4834124F78F0}.Release|x86.Build.0 = Release|Any CPU
		{F4D71342-D7A6-4C3F-8BD4-2AAA04DA9099}.Debug|Any CPU.ActiveCfg = Debug|Any CPU
		{F4D71342-D7A6-4C3F-8BD4-2AAA04DA9099}.Debug|Any CPU.Build.0 = Debug|Any CPU
		{F4D71342-D7A6-4C3F-8BD4-2AAA04DA9099}.Debug|x64.ActiveCfg = Debug|Any CPU
		{F4D71342-D7A6-4C3F-8BD4-2AAA04DA9099}.Debug|x64.Build.0 = Debug|Any CPU
		{F4D71342-D7A6-4C3F-8BD4-2AAA04DA9099}.Debug|x86.ActiveCfg = Debug|Any CPU
		{F4D71342-D7A6-4C3F-8BD4-2AAA04DA9099}.Debug|x86.Build.0 = Debug|Any CPU
		{F4D71342-D7A6-4C3F-8BD4-2AAA04DA9099}.Release|Any CPU.ActiveCfg = Release|Any CPU
		{F4D71342-D7A6-4C3F-8BD4-2AAA04DA9099}.Release|Any CPU.Build.0 = Release|Any CPU
		{F4D71342-D7A6-4C3F-8BD4-2AAA04DA9099}.Release|x64.ActiveCfg = Release|Any CPU
		{F4D71342-D7A6-4C3F-8BD4-2AAA04DA9099}.Release|x64.Build.0 = Release|Any CPU
		{F4D71342-D7A6-4C3F-8BD4-2AAA04DA9099}.Release|x86.ActiveCfg = Release|Any CPU
		{F4D71342-D7A6-4C3F-8BD4-2AAA04DA9099}.Release|x86.Build.0 = Release|Any CPU
		{FB1C2572-F1A6-4234-9D67-63B2EFA6FE69}.Debug|Any CPU.ActiveCfg = Debug|Any CPU
		{FB1C2572-F1A6-4234-9D67-63B2EFA6FE69}.Debug|Any CPU.Build.0 = Debug|Any CPU
		{FB1C2572-F1A6-4234-9D67-63B2EFA6FE69}.Debug|x64.ActiveCfg = Debug|Any CPU
		{FB1C2572-F1A6-4234-9D67-63B2EFA6FE69}.Debug|x64.Build.0 = Debug|Any CPU
		{FB1C2572-F1A6-4234-9D67-63B2EFA6FE69}.Debug|x86.ActiveCfg = Debug|Any CPU
		{FB1C2572-F1A6-4234-9D67-63B2EFA6FE69}.Debug|x86.Build.0 = Debug|Any CPU
		{FB1C2572-F1A6-4234-9D67-63B2EFA6FE69}.Release|Any CPU.ActiveCfg = Release|Any CPU
		{FB1C2572-F1A6-4234-9D67-63B2EFA6FE69}.Release|Any CPU.Build.0 = Release|Any CPU
		{FB1C2572-F1A6-4234-9D67-63B2EFA6FE69}.Release|x64.ActiveCfg = Release|Any CPU
		{FB1C2572-F1A6-4234-9D67-63B2EFA6FE69}.Release|x64.Build.0 = Release|Any CPU
		{FB1C2572-F1A6-4234-9D67-63B2EFA6FE69}.Release|x86.ActiveCfg = Release|Any CPU
		{FB1C2572-F1A6-4234-9D67-63B2EFA6FE69}.Release|x86.Build.0 = Release|Any CPU
		{1F5150E6-AC81-4D6A-B00C-127CAFF21D17}.Debug|Any CPU.ActiveCfg = Debug|Any CPU
		{1F5150E6-AC81-4D6A-B00C-127CAFF21D17}.Debug|Any CPU.Build.0 = Debug|Any CPU
		{1F5150E6-AC81-4D6A-B00C-127CAFF21D17}.Debug|x64.ActiveCfg = Debug|Any CPU
		{1F5150E6-AC81-4D6A-B00C-127CAFF21D17}.Debug|x64.Build.0 = Debug|Any CPU
		{1F5150E6-AC81-4D6A-B00C-127CAFF21D17}.Debug|x86.ActiveCfg = Debug|Any CPU
		{1F5150E6-AC81-4D6A-B00C-127CAFF21D17}.Debug|x86.Build.0 = Debug|Any CPU
		{1F5150E6-AC81-4D6A-B00C-127CAFF21D17}.Release|Any CPU.ActiveCfg = Release|Any CPU
		{1F5150E6-AC81-4D6A-B00C-127CAFF21D17}.Release|Any CPU.Build.0 = Release|Any CPU
		{1F5150E6-AC81-4D6A-B00C-127CAFF21D17}.Release|x64.ActiveCfg = Release|Any CPU
		{1F5150E6-AC81-4D6A-B00C-127CAFF21D17}.Release|x64.Build.0 = Release|Any CPU
		{1F5150E6-AC81-4D6A-B00C-127CAFF21D17}.Release|x86.ActiveCfg = Release|Any CPU
		{1F5150E6-AC81-4D6A-B00C-127CAFF21D17}.Release|x86.Build.0 = Release|Any CPU
		{FC06450E-3314-44AE-9B86-570B388717E3}.Debug|Any CPU.ActiveCfg = Debug|Any CPU
		{FC06450E-3314-44AE-9B86-570B388717E3}.Debug|Any CPU.Build.0 = Debug|Any CPU
		{FC06450E-3314-44AE-9B86-570B388717E3}.Debug|x64.ActiveCfg = Debug|Any CPU
		{FC06450E-3314-44AE-9B86-570B388717E3}.Debug|x64.Build.0 = Debug|Any CPU
		{FC06450E-3314-44AE-9B86-570B388717E3}.Debug|x86.ActiveCfg = Debug|Any CPU
		{FC06450E-3314-44AE-9B86-570B388717E3}.Debug|x86.Build.0 = Debug|Any CPU
		{FC06450E-3314-44AE-9B86-570B388717E3}.Release|Any CPU.ActiveCfg = Release|Any CPU
		{FC06450E-3314-44AE-9B86-570B388717E3}.Release|Any CPU.Build.0 = Release|Any CPU
		{FC06450E-3314-44AE-9B86-570B388717E3}.Release|x64.ActiveCfg = Release|Any CPU
		{FC06450E-3314-44AE-9B86-570B388717E3}.Release|x64.Build.0 = Release|Any CPU
		{FC06450E-3314-44AE-9B86-570B388717E3}.Release|x86.ActiveCfg = Release|Any CPU
		{FC06450E-3314-44AE-9B86-570B388717E3}.Release|x86.Build.0 = Release|Any CPU
		{F88C5A71-DB8D-409D-9177-6DC3A43A5A33}.Debug|Any CPU.ActiveCfg = Debug|Any CPU
		{F88C5A71-DB8D-409D-9177-6DC3A43A5A33}.Debug|Any CPU.Build.0 = Debug|Any CPU
		{F88C5A71-DB8D-409D-9177-6DC3A43A5A33}.Debug|x64.ActiveCfg = Debug|Any CPU
		{F88C5A71-DB8D-409D-9177-6DC3A43A5A33}.Debug|x64.Build.0 = Debug|Any CPU
		{F88C5A71-DB8D-409D-9177-6DC3A43A5A33}.Debug|x86.ActiveCfg = Debug|Any CPU
		{F88C5A71-DB8D-409D-9177-6DC3A43A5A33}.Debug|x86.Build.0 = Debug|Any CPU
		{F88C5A71-DB8D-409D-9177-6DC3A43A5A33}.Release|Any CPU.ActiveCfg = Release|Any CPU
		{F88C5A71-DB8D-409D-9177-6DC3A43A5A33}.Release|Any CPU.Build.0 = Release|Any CPU
		{F88C5A71-DB8D-409D-9177-6DC3A43A5A33}.Release|x64.ActiveCfg = Release|Any CPU
		{F88C5A71-DB8D-409D-9177-6DC3A43A5A33}.Release|x64.Build.0 = Release|Any CPU
		{F88C5A71-DB8D-409D-9177-6DC3A43A5A33}.Release|x86.ActiveCfg = Release|Any CPU
		{F88C5A71-DB8D-409D-9177-6DC3A43A5A33}.Release|x86.Build.0 = Release|Any CPU
		{86D03C38-39B7-4727-89E8-3AA7677FBD59}.Debug|Any CPU.ActiveCfg = Debug|Any CPU
		{86D03C38-39B7-4727-89E8-3AA7677FBD59}.Debug|Any CPU.Build.0 = Debug|Any CPU
		{86D03C38-39B7-4727-89E8-3AA7677FBD59}.Debug|x64.ActiveCfg = Debug|Any CPU
		{86D03C38-39B7-4727-89E8-3AA7677FBD59}.Debug|x64.Build.0 = Debug|Any CPU
		{86D03C38-39B7-4727-89E8-3AA7677FBD59}.Debug|x86.ActiveCfg = Debug|Any CPU
		{86D03C38-39B7-4727-89E8-3AA7677FBD59}.Debug|x86.Build.0 = Debug|Any CPU
		{86D03C38-39B7-4727-89E8-3AA7677FBD59}.Release|Any CPU.ActiveCfg = Release|Any CPU
		{86D03C38-39B7-4727-89E8-3AA7677FBD59}.Release|Any CPU.Build.0 = Release|Any CPU
		{86D03C38-39B7-4727-89E8-3AA7677FBD59}.Release|x64.ActiveCfg = Release|Any CPU
		{86D03C38-39B7-4727-89E8-3AA7677FBD59}.Release|x64.Build.0 = Release|Any CPU
		{86D03C38-39B7-4727-89E8-3AA7677FBD59}.Release|x86.ActiveCfg = Release|Any CPU
		{86D03C38-39B7-4727-89E8-3AA7677FBD59}.Release|x86.Build.0 = Release|Any CPU
		{3D14CB1F-C483-4F55-9675-645BE27AED05}.Debug|Any CPU.ActiveCfg = Debug|Any CPU
		{3D14CB1F-C483-4F55-9675-645BE27AED05}.Debug|Any CPU.Build.0 = Debug|Any CPU
		{3D14CB1F-C483-4F55-9675-645BE27AED05}.Debug|x64.ActiveCfg = Debug|Any CPU
		{3D14CB1F-C483-4F55-9675-645BE27AED05}.Debug|x64.Build.0 = Debug|Any CPU
		{3D14CB1F-C483-4F55-9675-645BE27AED05}.Debug|x86.ActiveCfg = Debug|Any CPU
		{3D14CB1F-C483-4F55-9675-645BE27AED05}.Debug|x86.Build.0 = Debug|Any CPU
		{3D14CB1F-C483-4F55-9675-645BE27AED05}.Release|Any CPU.ActiveCfg = Release|Any CPU
		{3D14CB1F-C483-4F55-9675-645BE27AED05}.Release|Any CPU.Build.0 = Release|Any CPU
		{3D14CB1F-C483-4F55-9675-645BE27AED05}.Release|x64.ActiveCfg = Release|Any CPU
		{3D14CB1F-C483-4F55-9675-645BE27AED05}.Release|x64.Build.0 = Release|Any CPU
		{3D14CB1F-C483-4F55-9675-645BE27AED05}.Release|x86.ActiveCfg = Release|Any CPU
		{3D14CB1F-C483-4F55-9675-645BE27AED05}.Release|x86.Build.0 = Release|Any CPU
		{5A57D0B3-45DA-4751-BA52-EC5B71198B1B}.Debug|Any CPU.ActiveCfg = Debug|Any CPU
		{5A57D0B3-45DA-4751-BA52-EC5B71198B1B}.Debug|Any CPU.Build.0 = Debug|Any CPU
		{5A57D0B3-45DA-4751-BA52-EC5B71198B1B}.Debug|x64.ActiveCfg = Debug|Any CPU
		{5A57D0B3-45DA-4751-BA52-EC5B71198B1B}.Debug|x64.Build.0 = Debug|Any CPU
		{5A57D0B3-45DA-4751-BA52-EC5B71198B1B}.Debug|x86.ActiveCfg = Debug|Any CPU
		{5A57D0B3-45DA-4751-BA52-EC5B71198B1B}.Debug|x86.Build.0 = Debug|Any CPU
		{5A57D0B3-45DA-4751-BA52-EC5B71198B1B}.Release|Any CPU.ActiveCfg = Release|Any CPU
		{5A57D0B3-45DA-4751-BA52-EC5B71198B1B}.Release|Any CPU.Build.0 = Release|Any CPU
		{5A57D0B3-45DA-4751-BA52-EC5B71198B1B}.Release|x64.ActiveCfg = Release|Any CPU
		{5A57D0B3-45DA-4751-BA52-EC5B71198B1B}.Release|x64.Build.0 = Release|Any CPU
		{5A57D0B3-45DA-4751-BA52-EC5B71198B1B}.Release|x86.ActiveCfg = Release|Any CPU
		{5A57D0B3-45DA-4751-BA52-EC5B71198B1B}.Release|x86.Build.0 = Release|Any CPU
	EndGlobalSection
	GlobalSection(SolutionProperties) = preSolution
		HideSolutionNode = FALSE
	EndGlobalSection
	GlobalSection(ExtensibilityGlobals) = postSolution
		SolutionGuid = {84D74C0A-5163-49C6-878C-23DFA237814E}
	EndGlobalSection
EndGlobal
